
Microsoft Visual Studio Solution File, Format Version 12.00
# Visual Studio Version 17
VisualStudioVersion = 17.2.32602.215
MinimumVisualStudioVersion = 10.0.40219.1
Project("{FAE04EC0-301F-11D3-BF4B-00C04F79EFBC}") = "Attendence", "Attendence\Attendence.csproj", "{0F5AB878-F463-4EED-9332-8FD6A59418D1}"
EndProject
Global
	GlobalSection(SolutionConfigurationPlatforms) = preSolution
		Debug|Any CPU = Debug|Any CPU
		Release|Any CPU = Release|Any CPU
	EndGlobalSection
	GlobalSection(ProjectConfigurationPlatforms) = postSolution
		{0F5AB878-F463-4EED-9332-8FD6A59418D1}.Debug|Any CPU.ActiveCfg = Debug|Any CPU
		{0F5AB878-F463-4EED-9332-8FD6A59418D1}.Debug|Any CPU.Build.0 = Debug|Any CPU
		{0F5AB878-F463-4EED-9332-8FD6A59418D1}.Release|Any CPU.ActiveCfg = Release|Any CPU
		{0F5AB878-F463-4EED-9332-8FD6A59418D1}.Release|Any CPU.Build.0 = Release|Any CPU
	EndGlobalSection
	GlobalSection(SolutionProperties) = preSolution
		HideSolutionNode = FALSE
	EndGlobalSection
	GlobalSection(ExtensibilityGlobals) = postSolution
		SolutionGuid = {39B02542-0CDD-48EA-8DED-EEF9C12721BC}
	EndGlobalSection
EndGlobal
